{
  "name": "stencil-xstate-router",
  "version": "4.0.0",
  "lockfileVersion": 1,
  "requires": true,
  "dependencies": {
    "@stencil/core": {
      "version": "1.1.4",
      "resolved": "https://registry.npmjs.org/@stencil/core/-/core-1.1.4.tgz",
      "integrity": "sha512-KXIxpdhQVouajPzJpldhOp7EIG2BW7rDWVlLVak5IqXnFb1BUwymwP4kkeTyqMWo0NcoYg1rz106wTTQGFnHUQ==",
      "dev": true,
      "requires": {
        "typescript": "3.5.2"
      }
    },
    "@types/navigo": {
      "version": "7.0.1",
      "resolved": "https://registry.npmjs.org/@types/navigo/-/navigo-7.0.1.tgz",
      "integrity": "sha512-auXcoS/pc39onGyf6fr2V3J3BEHUqH0a1Sa1psuGrVkCat+2D592DA7hdXY73lwCUyhGPzkf0lrcE5jH0OFeJg==",
      "dev": true
    },
    "navigo": {
      "version": "7.1.2",
      "resolved": "https://registry.npmjs.org/navigo/-/navigo-7.1.2.tgz",
      "integrity": "sha512-OlhxHxhLM62X0Sjbkp5wlm1V6GpOIKShFu7dS/fDS3cVqzMHYS880LT5tu6JjGkrSYQbtCNDADmRIP47MoVGlA==",
      "dev": true
    },
    "route-recognizer": {
      "version": "0.3.4",
      "resolved": "https://registry.npmjs.org/route-recognizer/-/route-recognizer-0.3.4.tgz",
      "integrity": "sha512-2+MhsfPhvauN1O8KaXpXAOfR/fwe8dnUXVM+xw7yt40lJRfPVQxV6yryZm0cgRvAj5fMF/mdRZbL2ptwbs5i2g=="
    },
    "typescript": {
      "version": "3.5.2",
      "resolved": "https://registry.npmjs.org/typescript/-/typescript-3.5.2.tgz",
      "integrity": "sha512-7KxJovlYhTX5RaRbUdkAXN1KUZ8PwWlTzQdHV6xNqvuFOs7+WBo10TQUqT19Q/Jz2hk5v9TQDIhyLhhJY4p5AA==",
      "dev": true
    },
    "xstate": {
      "version": "4.6.4",
      "resolved": "https://registry.npmjs.org/xstate/-/xstate-4.6.4.tgz",
      "integrity": "sha512-/L361v1dSGJWdERtmodT1EgkglobW9ewDBZoVzU7kPo1Sg0l65Df6fpUhCCA1NIhPzXe1axFacu29hIRR0oRJw==",
      "dev": true
    }
  }
}
